Microsoft Visual Studio Solution File, Format Version 11.00
# Visual Studio 2008

Project("{293A3E20-AF5D-F3D5-972D-65A2ACA3787E}") = "Project-Reach", "Assembly-CSharp.csproj", "{FA1C3272-07D4-B484-782F-228F4B331E34}"
EndProject
Project("{293A3E20-AF5D-F3D5-972D-65A2ACA3787E}") = "Project-Reach", "Assembly-CSharp-Editor.csproj", "{7485BB26-E271-1143-EE91-7051AD66D0DE}"
EndProject
Project("{293A3E20-AF5D-F3D5-972D-65A2ACA3787E}") = "Project-Reach", "Assembly-UnityScript.unityproj", "{E7AF037A-8A5E-EF4A-B0CB-0762B684E4AE}"
EndProject
Global
	GlobalSection(SolutionConfigurationPlatforms) = preSolution
		Debug|Any CPU = Debug|Any CPU
		Release|Any CPU = Release|Any CPU
	EndGlobalSection
	GlobalSection(ProjectConfigurationPlatforms) = postSolution
		{FA1C3272-07D4-B484-782F-228F4B331E34}.Debug|Any CPU.ActiveCfg = Debug|Any CPU
		{FA1C3272-07D4-B484-782F-228F4B331E34}.Debug|Any CPU.Build.0 = Debug|Any CPU
		{FA1C3272-07D4-B484-782F-228F4B331E34}.Release|Any CPU.ActiveCfg = Release|Any CPU
		{FA1C3272-07D4-B484-782F-228F4B331E34}.Release|Any CPU.Build.0 = Release|Any CPU
		{7485BB26-E271-1143-EE91-7051AD66D0DE}.Debug|Any CPU.ActiveCfg = Debug|Any CPU
		{7485BB26-E271-1143-EE91-7051AD66D0DE}.Debug|Any CPU.Build.0 = Debug|Any CPU
		{7485BB26-E271-1143-EE91-7051AD66D0DE}.Release|Any CPU.ActiveCfg = Release|Any CPU
		{7485BB26-E271-1143-EE91-7051AD66D0DE}.Release|Any CPU.Build.0 = Release|Any CPU
		{E7AF037A-8A5E-EF4A-B0CB-0762B684E4AE}.Debug|Any CPU.ActiveCfg = Debug|Any CPU
		{E7AF037A-8A5E-EF4A-B0CB-0762B684E4AE}.Debug|Any CPU.Build.0 = Debug|Any CPU
		{E7AF037A-8A5E-EF4A-B0CB-0762B684E4AE}.Release|Any CPU.ActiveCfg = Release|Any CPU
		{E7AF037A-8A5E-EF4A-B0CB-0762B684E4AE}.Release|Any CPU.Build.0 = Release|Any CPU
	EndGlobalSection
	GlobalSection(SolutionProperties) = preSolution
		HideSolutionNode = FALSE
	EndGlobalSection
																																																																	GlobalSection(MonoDevelopProperties) = preSolution
		StartupItem = Assembly-CSharp.csproj
		Policies = $0
		$0.TextStylePolicy = $1
		$1.inheritsSet = null
		$1.scope = text/x-csharp
		$0.CSharpFormattingPolicy = $2
		$2.inheritsSet = Mono
		$2.inheritsScope = text/x-csharp
		$2.scope = text/x-csharp
		$0.TextStylePolicy = $3
		$3.FileWidth = 120
		$3.TabWidth = 4
		$3.EolMarker = Unix
		$3.inheritsSet = Mono
		$3.inheritsScope = text/plain
		$3.scope = text/plain
	EndGlobalSection

EndGlobal
